
Microsoft Visual Studio Solution File, Format Version 12.00
# Visual Studio 15
VisualStudioVersion = 15.0.27703.2042
MinimumVisualStudioVersion = 10.0.40219.1
Project("{9A19103F-16F7-4668-BE54-9A1E7A4F7556}") = "Profiler", "Profiler\Profiler.csproj", "{8E953EAC-EA4D-4315-BBCA-5D65AAD48EFC}"
EndProject
Project("{9A19103F-16F7-4668-BE54-9A1E7A4F7556}") = "Profiler.Tests", "Profiler.Tests\Profiler.Tests.csproj", "{EC9A5733-B9CA-45FB-BC22-4597254D8A3C}"
EndProject
Project("{FAE04EC0-301F-11D3-BF4B-00C04F79EFBC}") = "Profiler.NLog", "Profiler.NLog\Profiler.NLog.csproj", "{39A31610-2EA2-4699-B2D4-19B6325CDF7E}"
EndProject
Project("{FAE04EC0-301F-11D3-BF4B-00C04F79EFBC}") = "Profiler.NLog.Demo", "Profiler.NLog.Demo\Profiler.NLog.Demo.csproj", "{0E3C0051-572D-465F-9111-85675F9F64EE}"
EndProject
Global
	GlobalSection(SolutionConfigurationPlatforms) = preSolution
		Debug|Any CPU = Debug|Any CPU
		Release|Any CPU = Release|Any CPU
	EndGlobalSection
	GlobalSection(ProjectConfigurationPlatforms) = postSolution
		{8E953EAC-EA4D-4315-BBCA-5D65AAD48EFC}.Debug|Any CPU.ActiveCfg = Debug|Any CPU
		{8E953EAC-EA4D-4315-BBCA-5D65AAD48EFC}.Debug|Any CPU.Build.0 = Debug|Any CPU
		{8E953EAC-EA4D-4315-BBCA-5D65AAD48EFC}.Release|Any CPU.ActiveCfg = Release|Any CPU
		{8E953EAC-EA4D-4315-BBCA-5D65AAD48EFC}.Release|Any CPU.Build.0 = Release|Any CPU
		{EC9A5733-B9CA-45FB-BC22-4597254D8A3C}.Debug|Any CPU.ActiveCfg = Debug|Any CPU
		{EC9A5733-B9CA-45FB-BC22-4597254D8A3C}.Debug|Any CPU.Build.0 = Debug|Any CPU
		{EC9A5733-B9CA-45FB-BC22-4597254D8A3C}.Release|Any CPU.ActiveCfg = Release|Any CPU
		{EC9A5733-B9CA-45FB-BC22-4597254D8A3C}.Release|Any CPU.Build.0 = Release|Any CPU
		{39A31610-2EA2-4699-B2D4-19B6325CDF7E}.Debug|Any CPU.ActiveCfg = Debug|Any CPU
		{39A31610-2EA2-4699-B2D4-19B6325CDF7E}.Debug|Any CPU.Build.0 = Debug|Any CPU
		{39A31610-2EA2-4699-B2D4-19B6325CDF7E}.Release|Any CPU.ActiveCfg = Release|Any CPU
		{39A31610-2EA2-4699-B2D4-19B6325CDF7E}.Release|Any CPU.Build.0 = Release|Any CPU
		{0E3C0051-572D-465F-9111-85675F9F64EE}.Debug|Any CPU.ActiveCfg = Debug|Any CPU
		{0E3C0051-572D-465F-9111-85675F9F64EE}.Debug|Any CPU.Build.0 = Debug|Any CPU
		{0E3C0051-572D-465F-9111-85675F9F64EE}.Release|Any CPU.ActiveCfg = Release|Any CPU
		{0E3C0051-572D-465F-9111-85675F9F64EE}.Release|Any CPU.Build.0 = Release|Any CPU
	EndGlobalSection
	GlobalSection(SolutionProperties) = preSolution
		HideSolutionNode = FALSE
	EndGlobalSection
	GlobalSection(ExtensibilityGlobals) = postSolution
		SolutionGuid = {5999D5F1-C899-4C2F-8C38-A7C078FC08F4}
	EndGlobalSection
EndGlobal
